// !$*UTF8*$!
{
	archiveVersion = 1;
	classes = {
	};
	objectVersion = 46;
	objects = {

/* Begin PBXBuildFile section */
		50B8E6C31D63356600E50F77 /* main.m in Sources */ = {isa = PBXBuildFile; fileRef = 50B8E6C21D63356600E50F77 /* main.m */; };
		50B8E6C61D63356600E50F77 /* AppDelegate.m in Sources */ = {isa = PBXBuildFile; fileRef = 50B8E6C51D63356600E50F77 /* AppDelegate.m */; };
		50B8E6C91D63356600E50F77 /* ViewController.m in Sources */ = {isa = PBXBuildFile; fileRef = 50B8E6C81D63356600E50F77 /* ViewController.m */; };
		50B8E6CC1D63356600E50F77 /* Main.storyboard in Resources */ = {isa = PBXBuildFile; fileRef = 50B8E6CA1D63356600E50F77 /* Main.storyboard */; };
		50B8E6CE1D63356600E50F77 /* Assets.xcassets in Resources */ = {isa = PBXBuildFile; fileRef = 50B8E6CD1D63356600E50F77 /* Assets.xcassets */; };
		50B8E6D11D63356600E50F77 /* LaunchScreen.storyboard in Resources */ = {isa = PBXBuildFile; fileRef = 50B8E6CF1D63356600E50F77 /* LaunchScreen.storyboard */; };
		50B8E6DB1D6336F500E50F77 /* AudioHelper.m in Sources */ = {isa = PBXBuildFile; fileRef = 50B8E6DA1D6336F500E50F77 /* AudioHelper.m */; };
/* End PBXBuildFile section */

/* Begin PBXFileReference section */
		50B8E6BE1D63356600E50F77 /* AudioHelpTest.app */ = {isa = PBXFileReference; explicitFileType = wrapper.application; includeInIndex = 0; path = AudioHelpTest.app; sourceTree = BUILT_PRODUCTS_DIR; };
		50B8E6C21D63356600E50F77 /* main.m */ = {isa = PBXFileReference; lastKnownFileType = sourcecode.c.objc; path = main.m; sourceTree = "<group>"; };
		50B8E6C41D63356600E50F77 /* AppDelegate.h */ = {isa = PBXFileReference; lastKnownFileType = sourcecode.c.h; path = AppDelegate.h; sourceTree = "<group>"; };
		50B8E6C51D63356600E50F77 /* AppDelegate.m */ = {isa = PBXFileReference; lastKnownFileType = sourcecode.c.objc; path = AppDelegate.m; sourceTree = "<group>"; };
		50B8E6C71D63356600E50F77 /* ViewController.h */ = {isa = PBXFileReference; lastKnownFileType = sourcecode.c.h; path = ViewController.h; sourceTree = "<group>"; };
		50B8E6C81D63356600E50F77 /* ViewController.m */ = {isa = PBXFileReference; lastKnownFileType = sourcecode.c.objc; path = ViewController.m; sourceTree = "<group>"; };
		50B8E6CB1D63356600E50F77 /* Base */ = {isa = PBXFileReference; lastKnownFileType = file.storyboard; name = Base; path = Base.lproj/Main.storyboard; sourceTree = "<group>"; };
		50B8E6CD1D63356600E50F77 /* Assets.xcassets */ = {isa = PBXFileReference; lastKnownFileType = folder.assetcatalog; path = Assets.xcassets; sourceTree = "<group>"; };
		50B8E6D01D63356600E50F77 /* Base */ = {isa = PBXFileReference; lastKnownFileType = file.storyboard; name = Base; path = Base.lproj/LaunchScreen.storyboard; sourceTree = "<group>"; };
		50B8E6D21D63356600E50F77 /* Info.plist */ = {isa = PBXFileReference; lastKnownFileType = text.plist.xml; path = Info.plist; sourceTree = "<group>"; };
		50B8E6D91D6336F500E50F77 /* AudioHelper.h */ = {isa = PBXFileReference; fileEncoding = 4; lastKnownFileType = sourcecode.c.h; path = AudioHelper.h; sourceTree = "<group>"; };
		50B8E6DA1D6336F500E50F77 /* AudioHelper.m */ = {isa = PBXFileReference; fileEncoding = 4; lastKnownFileType = sourcecode.c.objc; path = AudioHelper.m; sourceTree = "<group>"; };
/* End PBXFileReference section */

/* Begin PBXFrameworksBuildPhase section */
		50B8E6BB1D63356600E50F77 /* Frameworks */ = {
			isa = PBXFrameworksBuildPhase;
			buildActionMask = 2147483647;
			files = (
			);
			runOnlyForDeploymentPostprocessing = 0;
		};
/* End PBXFrameworksBuildPhase section */

/* Begin PBXGroup section */
		50B8E6B51D63356600E50F77 = {
			isa = PBXGroup;
			children = (
				50B8E6D81D6336F500E50F77 /* AudioHelper */,
				50B8E6C01D63356600E50F77 /* AudioHelpTest */,
				50B8E6BF1D63356600E50F77 /* Products */,
			);
			sourceTree = "<group>";
		};
		50B8E6BF1D63356600E50F77 /* Products */ = {
			isa = PBXGroup;
			children = (
				50B8E6BE1D63356600E50F77 /* AudioHelpTest.app */,
			);
			name = Products;
			sourceTree = "<group>";
		};
		50B8E6C01D63356600E50F77 /* AudioHelpTest */ = {
			isa = PBXGroup;
			children = (
				50B8E6C41D63356600E50F77 /* AppDelegate.h */,
				50B8E6C51D63356600E50F77 /* AppDelegate.m */,
				50B8E6C71D63356600E50F77 /* ViewController.h */,
				50B8E6C81D63356600E50F77 /* ViewController.m */,
				50B8E6CA1D63356600E50F77 /* Main.storyboard */,
				50B8E6CD1D63356600E50F77 /* Assets.xcassets */,
				50B8E6CF1D63356600E50F77 /* LaunchScreen.storyboard */,
				50B8E6D21D63356600E50F77 /* Info.plist */,
				50B8E6C11D63356600E50F77 /* Supporting Files */,
			);
			path = AudioHelpTest;
			sourceTree = "<group>";
		};
		50B8E6C11D63356600E50F77 /* Supporting Files */ = {
			isa = PBXGroup;
			children = (
				50B8E6C21D63356600E50F77 /* main.m */,
			);
			name = "Supporting Files";
			sourceTree = "<group>";
		};
		50B8E6D81D6336F500E50F77 /* AudioHelper */ = {
			isa = PBXGroup;
			children = (
				50B8E6D91D6336F500E50F77 /* AudioHelper.h */,
				50B8E6DA1D6336F500E50F77 /* AudioHelper.m */,
			);
			path = AudioHelper;
			sourceTree = "<group>";
		};
/* End PBXGroup section */

/* Begin PBXNativeTarget section */
		50B8E6BD1D63356600E50F77 /* AudioHelpTest */ = {
			isa = PBXNativeTarget;
			buildConfigurationList = 50B8E6D51D63356600E50F77 /* Build configuration list for PBXNativeTarget "AudioHelpTest" */;
			buildPhases = (
				50B8E6BA1D63356600E50F77 /* Sources */,
				50B8E6BB1D63356600E50F77 /* Frameworks */,
				50B8E6BC1D63356600E50F77 /* Resources */,
			);
			buildRules = (
			);
			dependencies = (
			);
			name = AudioHelpTest;
			productName = AudioHelpTest;
			productReference = 50B8E6BE1D63356600E50F77 /* AudioHelpTest.app */;
			productType = "com.apple.product-type.application";
		};
/* End PBXNativeTarget section */

/* Begin PBXProject section */
		50B8E6B61D63356600E50F77 /* Project object */ = {
			isa = PBXProject;
			attributes = {
				LastUpgradeCheck = 0730;
				ORGANIZATIONNAME = BJ.y;
				TargetAttributes = {
					50B8E6BD1D63356600E50F77 = {
						CreatedOnToolsVersion = 7.3.1;
						DevelopmentTeam = 6LKL8XQQVY;
					};
				};
			};
			buildConfigurationList = 50B8E6B91D63356600E50F77 /* Build configuration list for PBXProject "AudioHelpTest" */;
			compatibilityVersion = "Xcode 3.2";
			developmentRegion = English;
			hasScannedForEncodings = 0;
			knownRegions = (
				en,
				Base,
			);
			mainGroup = 50B8E6B51D63356600E50F77;
			productRefGroup = 50B8E6BF1D63356600E50F77 /* Products */;
			projectDirPath = "";
			projectRoot = "";
			targets = (
				50B8E6BD1D63356600E50F77 /* AudioHelpTest */,
			);
		};
/* End PBXProject section */

/* Begin PBXResourcesBuildPhase section */
		50B8E6BC1D63356600E50F77 /* Resources */ = {
			isa = PBXResourcesBuildPhase;
			buildActionMask = 2147483647;
			files = (
				50B8E6D11D63356600E50F77 /* LaunchScreen.storyboard in Resources */,
				50B8E6CE1D63356600E50F77 /* Assets.xcassets in Resources */,
				50B8E6CC1D63356600E50F77 /* Main.storyboard in Resources */,
			);
			runOnlyForDeploymentPostprocessing = 0;
		};
/* End PBXResourcesBuildPhase section */

/* Begin PBXSourcesBuildPhase section */
		50B8E6BA1D63356600E50F77 /* Sources */ = {
			isa = PBXSourcesBuildPhase;
			buildActionMask = 2147483647;
			files = (
				50B8E6C91D63356600E50F77 /* ViewController.m in Sources */,
				50B8E6C61D63356600E50F77 /* AppDelegate.m in Sources */,
				50B8E6DB1D6336F500E50F77 /* AudioHelper.m in Sources */,
				50B8E6C31D63356600E50F77 /* main.m in Sources */,
			);
			runOnlyForDeploymentPostprocessing = 0;
		};
/* End PBXSourcesBuildPhase section */

/* Begin PBXVariantGroup section */
		50B8E6CA1D63356600E50F77 /* Main.storyboard */ = {
			isa = PBXVariantGroup;
			children = (
				50B8E6CB1D63356600E50F77 /* Base */,
			);
			name = Main.storyboard;
			sourceTree = "<group>";
		};
		50B8E6CF1D63356600E50F77 /* LaunchScreen.storyboard */ = {
			isa = PBXVariantGroup;
			children = (
				50B8E6D01D63356600E50F77 /* Base */,
			);
			name = LaunchScreen.storyboard;
			sourceTree = "<group>";
		};
/* End PBXVariantGroup section */

/* Begin XCBuildConfiguration section */
		50B8E6D31D63356600E50F77 /* Debug */ = {
			isa = XCBuildConfiguration;
			buildSettings = {
				ALWAYS_SEARCH_USER_PATHS = NO;
				CLANG_ANALYZER_NONNULL = YES;
				CLANG_CXX_LANGUAGE_STANDARD = "gnu++0x";
				CLANG_CXX_LIBRARY = "libc++";
				CLANG_ENABLE_MODULES = YES;
				CLANG_ENABLE_OBJC_ARC = YES;
				CLANG_WARN_BOOL_CONVERSION = YES;
				CLANG_WARN_CONSTANT_CONVERSION = YES;
				CLANG_WARN_DIRECT_OBJC_ISA_USAGE = YES_ERROR;
				CLANG_WARN_EMPTY_BODY = YES;
				CLANG_WARN_ENUM_CONVERSION = YES;
				CLANG_WARN_INT_CONVERSION = YES;
				CLANG_WARN_OBJC_ROOT_CLASS = YES_ERROR;
				CLANG_WARN_UNREACHABLE_CODE = YES;
				CLANG_WARN__DUPLICATE_METHOD_MATCH = YES;
				CODE_SIGN_IDENTITY = "";
				"CODE_SIGN_IDENTITY[sdk=iphoneos*]" = "iPhone Developer";
				COPY_PHASE_STRIP = NO;
				DEBUG_INFORMATION_FORMAT = dwarf;
				ENABLE_STRICT_OBJC_MSGSEND = YES;
				ENABLE_TESTABILITY = YES;
				GCC_C_LANGUAGE_STANDARD = gnu99;
				GCC_DYNAMIC_NO_PIC = NO;
				GCC_NO_COMMON_BLOCKS = YES;
				GCC_OPTIMIZATION_LEVEL = 0;
				GCC_PREPROCESSOR_DEFINITIONS = (
					"DEBUG=1",
					"$(inherited)",
				);
				GCC_WARN_64_TO_32_BIT_CONVERSION = YES;
				GCC_WARN_ABOUT_RETURN_TYPE = YES_ERROR;
				GCC_WARN_UNDECLARED_SELECTOR = YES;
				GCC_WARN_UNINITIALIZED_AUTOS = YES_AGGRESSIVE;
				GCC_WARN_UNUSED_FUNCTION = YES;
				GCC_WARN_UNUSED_VARIABLE = YES;
				IPHONEOS_DEPLOYMENT_TARGET = 9.3;
				MTL_ENABLE_DEBUG_INFO = YES;
				ONLY_ACTIVE_ARCH = YES;
				SDKROOT = iphoneos;
			};
			name = Debug;
		};
		50B8E6D41D63356600E50F77 /* Release */ = {
			isa = XCBuildConfiguration;
			buildSettings = {
				ALWAYS_SEARCH_USER_PATHS = NO;
				CLANG_ANALYZER_NONNULL = YES;
				CLANG_CXX_LANGUAGE_STANDARD = "gnu++0x";
				CLANG_CXX_LIBRARY = "libc++";
				CLANG_ENABLE_MODULES = YES;
				CLANG_ENABLE_OBJC_ARC = YES;
				CLANG_WARN_BOOL_CONVERSION = YES;
				CLANG_WARN_CONSTANT_CONVERSION = YES;
				CLANG_WARN_DIRECT_OBJC_ISA_USAGE = YES_ERROR;
				CLANG_WARN_EMPTY_BODY = YES;
				CLANG_WARN_ENUM_CONVERSION = YES;
				CLANG_WARN_INT_CONVERSION = YES;
				CLANG_WARN_OBJC_ROOT_CLASS = YES_ERROR;
				CLANG_WARN_UNREACHABLE_CODE = YES;
				CLANG_WARN__DUPLICATE_METHOD_MATCH = YES;
				CODE_SIGN_IDENTITY = "";
				"CODE_SIGN_IDENTITY[sdk=iphoneos*]" = "iPhone Developer";
				COPY_PHASE_STRIP = NO;
				DEBUG_INFORMATION_FORMAT = "dwarf-with-dsym";
				ENABLE_NS_ASSERTIONS = NO;
				ENABLE_STRICT_OBJC_MSGSEND = YES;
				GCC_C_LANGUAGE_STANDARD = gnu99;
				GCC_NO_COMMON_BLOCKS = YES;
				GCC_WARN_64_TO_32_BIT_CONVERSION = YES;
				GCC_WARN_ABOUT_RETURN_TYPE = YES_ERROR;
				GCC_WARN_UNDECLARED_SELECTOR = YES;
				GCC_WARN_UNINITIALIZED_AUTOS = YES_AGGRESSIVE;
				GCC_WARN_UNUSED_FUNCTION = YES;
				GCC_WARN_UNUSED_VARIABLE = YES;
				IPHONEOS_DEPLOYMENT_TARGET = 9.3;
				MTL_ENABLE_DEBUG_INFO = NO;
				SDKROOT = iphoneos;
				VALIDATE_PRODUCT = YES;
			};
			name = Release;
		};
		50B8E6D61D63356600E50F77 /* Debug */ = {
			isa = XCBuildConfiguration;
			buildSettings = {
				ASSETCATALOG_COMPILER_APPICON_NAME = AppIcon;
				CODE_SIGN_IDENTITY = "iPhone Developer";
				INFOPLIST_FILE = AudioHelpTest/Info.plist;
				LD_RUNPATH_SEARCH_PATHS = "$(inherited) @executable_path/Frameworks";
				PRODUCT_BUNDLE_IDENTIFIER = com.hiyee.AudioHelpTest;
				PRODUCT_NAME = "$(TARGET_NAME)";
			};
			name = Debug;
		};
		50B8E6D71D63356600E50F77 /* Release */ = {
			isa = XCBuildConfiguration;
			buildSettings = {
				ASSETCATALOG_COMPILER_APPICON_NAME = AppIcon;
				CODE_SIGN_IDENTITY = "iPhone Developer";
				INFOPLIST_FILE = AudioHelpTest/Info.plist;
				LD_RUNPATH_SEARCH_PATHS = "$(inherited) @executable_path/Frameworks";
				PRODUCT_BUNDLE_IDENTIFIER = com.hiyee.AudioHelpTest;
				PRODUCT_NAME = "$(TARGET_NAME)";
			};
			name = Release;
		};
/* End XCBuildConfiguration section */

/* Begin XCConfigurationList section */
		50B8E6B91D63356600E50F77 /* Build configuration list for PBXProject "AudioHelpTest" */ = {
			isa = XCConfigurationList;
			buildConfigurations = (
				50B8E6D31D63356600E50F77 /* Debug */,
				50B8E6D41D63356600E50F77 /* Release */,
			);
			defaultConfigurationIsVisible = 0;
			defaultConfigurationName = Release;
		};
		50B8E6D51D63356600E50F77 /* Build configuration list for PBXNativeTarget "AudioHelpTest" */ = {
			isa = XCConfigurationList;
			buildConfigurations = (
				50B8E6D61D63356600E50F77 /* Debug */,
				50B8E6D71D63356600E50F77 /* Release */,
			);
			defaultConfigurationIsVisible = 0;
			defaultConfigurationName = Release;
		};
/* End XCConfigurationList section */
	};
	rootObject = 50B8E6B61D63356600E50F77 /* Project object */;
}
